
Microsoft Visual Studio Solution File, Format Version 12.00
# Visual Studio Version 17
VisualStudioVersion = 17.10.34928.147
MinimumVisualStudioVersion = 10.0.40219.1
Project("{FAE04EC0-301F-11D3-BF4B-00C04F79EFBC}") = "Task3-function3", "Task3-function3\Task3-function3.csproj", "{7B48B5B0-3797-4CC7-8E95-BC1B7730254A}"
EndProject
Global
	GlobalSection(SolutionConfigurationPlatforms) = preSolution
		Debug|Any CPU = Debug|Any CPU
		Release|Any CPU = Release|Any CPU
	EndGlobalSection
	GlobalSection(ProjectConfigurationPlatforms) = postSolution
		{7B48B5B0-3797-4CC7-8E95-BC1B7730254A}.Debug|Any CPU.ActiveCfg = Debug|Any CPU
		{7B48B5B0-3797-4CC7-8E95-BC1B7730254A}.Debug|Any CPU.Build.0 = Debug|Any CPU
		{7B48B5B0-3797-4CC7-8E95-BC1B7730254A}.Release|Any CPU.ActiveCfg = Release|Any CPU
		{7B48B5B0-3797-4CC7-8E95-BC1B7730254A}.Release|Any CPU.Build.0 = Release|Any CPU
	EndGlobalSection
	GlobalSection(SolutionProperties) = preSolution
		HideSolutionNode = FALSE
	EndGlobalSection
	GlobalSection(ExtensibilityGlobals) = postSolution
		SolutionGuid = {EC15DD9A-86EE-46B0-8DC6-C09A729B039B}
	EndGlobalSection
EndGlobal
