
Microsoft Visual Studio Solution File, Format Version 12.00
# Visual Studio Version 17
VisualStudioVersion = 17.10.34928.147
MinimumVisualStudioVersion = 10.0.40219.1
Project("{FAE04EC0-301F-11D3-BF4B-00C04F79EFBC}") = "ExtraTask", "ExtraTask\ExtraTask.csproj", "{687D63DB-FE67-47EF-88D5-E976CE0D95A4}"
EndProject
Global
	GlobalSection(SolutionConfigurationPlatforms) = preSolution
		Debug|Any CPU = Debug|Any CPU
		Release|Any CPU = Release|Any CPU
	EndGlobalSection
	GlobalSection(ProjectConfigurationPlatforms) = postSolution
		{687D63DB-FE67-47EF-88D5-E976CE0D95A4}.Debug|Any CPU.ActiveCfg = Debug|Any CPU
		{687D63DB-FE67-47EF-88D5-E976CE0D95A4}.Debug|Any CPU.Build.0 = Debug|Any CPU
		{687D63DB-FE67-47EF-88D5-E976CE0D95A4}.Release|Any CPU.ActiveCfg = Release|Any CPU
		{687D63DB-FE67-47EF-88D5-E976CE0D95A4}.Release|Any CPU.Build.0 = Release|Any CPU
	EndGlobalSection
	GlobalSection(SolutionProperties) = preSolution
		HideSolutionNode = FALSE
	EndGlobalSection
	GlobalSection(ExtensibilityGlobals) = postSolution
		SolutionGuid = {E8F192A7-9E40-490E-AC0C-8EBADA8F924F}
	EndGlobalSection
EndGlobal
