
Microsoft Visual Studio Solution File, Format Version 12.00
# Visual Studio Version 17
VisualStudioVersion = 17.10.34928.147
MinimumVisualStudioVersion = 10.0.40219.1
Project("{FAE04EC0-301F-11D3-BF4B-00C04F79EFBC}") = "MVC-Task1", "MVC-Task1\MVC-Task1.csproj", "{53803BD4-C6BA-474E-8188-3EE86D87FADB}"
EndProject
Global
	GlobalSection(SolutionConfigurationPlatforms) = preSolution
		Debug|Any CPU = Debug|Any CPU
		Release|Any CPU = Release|Any CPU
	EndGlobalSection
	GlobalSection(ProjectConfigurationPlatforms) = postSolution
		{53803BD4-C6BA-474E-8188-3EE86D87FADB}.Debug|Any CPU.ActiveCfg = Debug|Any CPU
		{53803BD4-C6BA-474E-8188-3EE86D87FADB}.Debug|Any CPU.Build.0 = Debug|Any CPU
		{53803BD4-C6BA-474E-8188-3EE86D87FADB}.Release|Any CPU.ActiveCfg = Release|Any CPU
		{53803BD4-C6BA-474E-8188-3EE86D87FADB}.Release|Any CPU.Build.0 = Release|Any CPU
	EndGlobalSection
	GlobalSection(SolutionProperties) = preSolution
		HideSolutionNode = FALSE
	EndGlobalSection
	GlobalSection(ExtensibilityGlobals) = postSolution
		SolutionGuid = {9F0079B6-AA59-4608-BF7C-FE763312755D}
	EndGlobalSection
EndGlobal
