
Microsoft Visual Studio Solution File, Format Version 12.00
# Visual Studio Version 17
VisualStudioVersion = 17.10.34928.147
MinimumVisualStudioVersion = 10.0.40219.1
Project("{FAE04EC0-301F-11D3-BF4B-00C04F79EFBC}") = "Task2", "Task2\Task2.csproj", "{AC8AC753-2991-41F2-812D-AD2FD4908917}"
EndProject
Global
	GlobalSection(SolutionConfigurationPlatforms) = preSolution
		Debug|Any CPU = Debug|Any CPU
		Release|Any CPU = Release|Any CPU
	EndGlobalSection
	GlobalSection(ProjectConfigurationPlatforms) = postSolution
		{AC8AC753-2991-41F2-812D-AD2FD4908917}.Debug|Any CPU.ActiveCfg = Debug|Any CPU
		{AC8AC753-2991-41F2-812D-AD2FD4908917}.Debug|Any CPU.Build.0 = Debug|Any CPU
		{AC8AC753-2991-41F2-812D-AD2FD4908917}.Release|Any CPU.ActiveCfg = Release|Any CPU
		{AC8AC753-2991-41F2-812D-AD2FD4908917}.Release|Any CPU.Build.0 = Release|Any CPU
	EndGlobalSection
	GlobalSection(SolutionProperties) = preSolution
		HideSolutionNode = FALSE
	EndGlobalSection
	GlobalSection(ExtensibilityGlobals) = postSolution
		SolutionGuid = {A7EAEC5B-385A-43E0-80B0-6B5ACCF18863}
	EndGlobalSection
EndGlobal
